
Microsoft Visual Studio Solution File, Format Version 12.00
# Visual Studio 14
VisualStudioVersion = 14.0.25420.1
MinimumVisualStudioVersion = 10.0.40219.1
Project("{2150E333-8FDC-42A3-9474-1A3956D46DE8}") = "src", "src", "{89CC6CD5-B86D-4018-AB9D-1112BC9A490E}"
EndProject
Project("{2150E333-8FDC-42A3-9474-1A3956D46DE8}") = "Solution Items", "Solution Items", "{8DDFCF48-635C-427D-942A-6EFC83E7C1EC}"
	ProjectSection(SolutionItems) = preProject
		global.json = global.json
	EndProjectSection
EndProject
Project("{8BB2217D-0F2D-49D1-97BC-3654ED321F3B}") = "Pinoacres.Web.UI", "src\Pinoacres.Web.UI\Pinoacres.Web.UI.xproj", "{67597E39-E6FA-4E08-B31A-699B2C7FC7F7}"
EndProject
Project("{8BB2217D-0F2D-49D1-97BC-3654ED321F3B}") = "Pinoacres.Web.API", "src\Pinoacres.Web.API\Pinoacres.Web.API.xproj", "{701B99FE-AA24-46BF-AC09-6047FD507D2B}"
EndProject
Project("{8BB2217D-0F2D-49D1-97BC-3654ED321F3B}") = "Pinoacres.MLBExtraBasesService", "src\Pinoacres.MLBExtraBasesService\Pinoacres.MLBExtraBasesService.xproj", "{A93F81B2-B1E5-48C1-8C81-19ADFC4E214B}"
EndProject
Project("{8BB2217D-0F2D-49D1-97BC-3654ED321F3B}") = "Pinoacres.BusinessObjects", "src\Pinoacres.BusinessObjects\Pinoacres.BusinessObjects.xproj", "{D1D8D1A3-D35E-4519-8370-9E4116693C37}"
EndProject
Project("{8BB2217D-0F2D-49D1-97BC-3654ED321F3B}") = "Pinoacres.DALC", "src\Pinoacres.DALC\Pinoacres.DALC.xproj", "{2BF80B04-A5D0-402C-BCD3-3533FAECFEB7}"
EndProject
Project("{8BB2217D-0F2D-49D1-97BC-3654ED321F3B}") = "Pinoacres.Logic", "src\Pinoacres.Logic\Pinoacres.Logic.xproj", "{A489DE5D-7874-44DA-99C8-CBB278B0D77C}"
EndProject
Project("{8BB2217D-0F2D-49D1-97BC-3654ED321F3B}") = "Pinoacres.Console.Tester", "src\Pinoacres.Console.Tester\Pinoacres.Console.Tester.xproj", "{3977E4BE-9B41-488C-BDE8-0291FFC7AF13}"
EndProject
Project("{8BB2217D-0F2D-49D1-97BC-3654ED321F3B}") = "Pinoacres.Library.Tester", "src\Pinoacres.Library.Tester\Pinoacres.Library.Tester.xproj", "{2E89F356-7EC3-4286-A560-905FB923A71D}"
EndProject
Global
	GlobalSection(SolutionConfigurationPlatforms) = preSolution
		Debug|Any CPU = Debug|Any CPU
		Release|Any CPU = Release|Any CPU
	EndGlobalSection
	GlobalSection(ProjectConfigurationPlatforms) = postSolution
		{67597E39-E6FA-4E08-B31A-699B2C7FC7F7}.Debug|Any CPU.ActiveCfg = Debug|Any CPU
		{67597E39-E6FA-4E08-B31A-699B2C7FC7F7}.Debug|Any CPU.Build.0 = Debug|Any CPU
		{67597E39-E6FA-4E08-B31A-699B2C7FC7F7}.Release|Any CPU.ActiveCfg = Release|Any CPU
		{67597E39-E6FA-4E08-B31A-699B2C7FC7F7}.Release|Any CPU.Build.0 = Release|Any CPU
		{701B99FE-AA24-46BF-AC09-6047FD507D2B}.Debug|Any CPU.ActiveCfg = Debug|Any CPU
		{701B99FE-AA24-46BF-AC09-6047FD507D2B}.Debug|Any CPU.Build.0 = Debug|Any CPU
		{701B99FE-AA24-46BF-AC09-6047FD507D2B}.Release|Any CPU.ActiveCfg = Release|Any CPU
		{701B99FE-AA24-46BF-AC09-6047FD507D2B}.Release|Any CPU.Build.0 = Release|Any CPU
		{A93F81B2-B1E5-48C1-8C81-19ADFC4E214B}.Debug|Any CPU.ActiveCfg = Debug|Any CPU
		{A93F81B2-B1E5-48C1-8C81-19ADFC4E214B}.Debug|Any CPU.Build.0 = Debug|Any CPU
		{A93F81B2-B1E5-48C1-8C81-19ADFC4E214B}.Release|Any CPU.ActiveCfg = Release|Any CPU
		{A93F81B2-B1E5-48C1-8C81-19ADFC4E214B}.Release|Any CPU.Build.0 = Release|Any CPU
		{D1D8D1A3-D35E-4519-8370-9E4116693C37}.Debug|Any CPU.ActiveCfg = Debug|Any CPU
		{D1D8D1A3-D35E-4519-8370-9E4116693C37}.Debug|Any CPU.Build.0 = Debug|Any CPU
		{D1D8D1A3-D35E-4519-8370-9E4116693C37}.Release|Any CPU.ActiveCfg = Release|Any CPU
		{D1D8D1A3-D35E-4519-8370-9E4116693C37}.Release|Any CPU.Build.0 = Release|Any CPU
		{2BF80B04-A5D0-402C-BCD3-3533FAECFEB7}.Debug|Any CPU.ActiveCfg = Debug|Any CPU
		{2BF80B04-A5D0-402C-BCD3-3533FAECFEB7}.Debug|Any CPU.Build.0 = Debug|Any CPU
		{2BF80B04-A5D0-402C-BCD3-3533FAECFEB7}.Release|Any CPU.ActiveCfg = Release|Any CPU
		{2BF80B04-A5D0-402C-BCD3-3533FAECFEB7}.Release|Any CPU.Build.0 = Release|Any CPU
		{A489DE5D-7874-44DA-99C8-CBB278B0D77C}.Debug|Any CPU.ActiveCfg = Debug|Any CPU
		{A489DE5D-7874-44DA-99C8-CBB278B0D77C}.Debug|Any CPU.Build.0 = Debug|Any CPU
		{A489DE5D-7874-44DA-99C8-CBB278B0D77C}.Release|Any CPU.ActiveCfg = Release|Any CPU
		{A489DE5D-7874-44DA-99C8-CBB278B0D77C}.Release|Any CPU.Build.0 = Release|Any CPU
		{3977E4BE-9B41-488C-BDE8-0291FFC7AF13}.Debug|Any CPU.ActiveCfg = Debug|Any CPU
		{3977E4BE-9B41-488C-BDE8-0291FFC7AF13}.Debug|Any CPU.Build.0 = Debug|Any CPU
		{3977E4BE-9B41-488C-BDE8-0291FFC7AF13}.Release|Any CPU.ActiveCfg = Release|Any CPU
		{3977E4BE-9B41-488C-BDE8-0291FFC7AF13}.Release|Any CPU.Build.0 = Release|Any CPU
		{2E89F356-7EC3-4286-A560-905FB923A71D}.Debug|Any CPU.ActiveCfg = Debug|Any CPU
		{2E89F356-7EC3-4286-A560-905FB923A71D}.Debug|Any CPU.Build.0 = Debug|Any CPU
		{2E89F356-7EC3-4286-A560-905FB923A71D}.Release|Any CPU.ActiveCfg = Release|Any CPU
		{2E89F356-7EC3-4286-A560-905FB923A71D}.Release|Any CPU.Build.0 = Release|Any CPU
	EndGlobalSection
	GlobalSection(SolutionProperties) = preSolution
		HideSolutionNode = FALSE
	EndGlobalSection
	GlobalSection(NestedProjects) = preSolution
		{67597E39-E6FA-4E08-B31A-699B2C7FC7F7} = {89CC6CD5-B86D-4018-AB9D-1112BC9A490E}
		{701B99FE-AA24-46BF-AC09-6047FD507D2B} = {89CC6CD5-B86D-4018-AB9D-1112BC9A490E}
		{A93F81B2-B1E5-48C1-8C81-19ADFC4E214B} = {89CC6CD5-B86D-4018-AB9D-1112BC9A490E}
		{D1D8D1A3-D35E-4519-8370-9E4116693C37} = {89CC6CD5-B86D-4018-AB9D-1112BC9A490E}
		{2BF80B04-A5D0-402C-BCD3-3533FAECFEB7} = {89CC6CD5-B86D-4018-AB9D-1112BC9A490E}
		{A489DE5D-7874-44DA-99C8-CBB278B0D77C} = {89CC6CD5-B86D-4018-AB9D-1112BC9A490E}
		{3977E4BE-9B41-488C-BDE8-0291FFC7AF13} = {89CC6CD5-B86D-4018-AB9D-1112BC9A490E}
		{2E89F356-7EC3-4286-A560-905FB923A71D} = {89CC6CD5-B86D-4018-AB9D-1112BC9A490E}
	EndGlobalSection
EndGlobal
